
Microsoft Visual Studio Solution File, Format Version 12.00
# Visual Studio 15
VisualStudioVersion = 15.0.28307.1169
MinimumVisualStudioVersion = 10.0.40219.1
Project("{888888A0-9F3D-457C-B088-3A5042F75D52}") = "test1", "test1\test1.pyproj", "{21403C31-333C-4ABA-A5E5-3B3CD4A41848}"
EndProject
Global
	GlobalSection(SolutionConfigurationPlatforms) = preSolution
		Debug|Any CPU = Debug|Any CPU
		Release|Any CPU = Release|Any CPU
	EndGlobalSection
	GlobalSection(ProjectConfigurationPlatforms) = postSolution
		{21403C31-333C-4ABA-A5E5-3B3CD4A41848}.Debug|Any CPU.ActiveCfg = Debug|Any CPU
		{21403C31-333C-4ABA-A5E5-3B3CD4A41848}.Release|Any CPU.ActiveCfg = Release|Any CPU
	EndGlobalSection
	GlobalSection(SolutionProperties) = preSolution
		HideSolutionNode = FALSE
	EndGlobalSection
	GlobalSection(ExtensibilityGlobals) = postSolution
		SolutionGuid = {B4752AA9-090B-4A9A-983E-CB9D58A69CDA}
	EndGlobalSection
EndGlobal
